{
  "version": 4,
  "terraform_version": "1.6.4",
  "serial": 1157,
  "lineage": "60ebb3ba-48e6-3e25-26a4-f757d433b17f",
  "outputs": {
    "account_id": {
      "value": "428690775959",
      "type": "string"
    },
    "api_address": {
      "value": "https://64berhnvkl.execute-api.eu-west-1.amazonaws.com/prod",
      "type": "string"
    },
    "cloudfront_address": {
      "value": "ddugfyndj8h97.cloudfront.net",
      "type": "string"
    }
  },
  "resources": [
    {
      "mode": "data",
      "type": "archive_file",
      "name": "lambda",
      "provider": "provider[\"registry.terraform.io/hashicorp/archive\"]",
      "instances": [
        {
          "schema_version": 0,
          "attributes": {
            "exclude_symlink_directories": null,
            "excludes": null,
            "id": "659c1e9f89efb7bfc4b7bb2173ab710f1a5438bd",
            "output_base64sha256": "r2RXLoRDpfpkKr4+Z+DgT3tX7oJUsbyN5cub0J8kLCM=",
            "output_base64sha512": "Cnm58mA2844m8GB3+Jpqh+RpLj03Wa6/tSZ24fDGiSYNAISBmqZhmmJ5IlGr+eJ9uE3Yi8KkwJMSU5WLenKJPg==",
            "output_file_mode": null,
            "output_md5": "83bc3bc79d82aa647a48f514c6b084fb",
            "output_path": "resumelambda.zip",
            "output_sha": "659c1e9f89efb7bfc4b7bb2173ab710f1a5438bd",
            "output_sha256": "af64572e8443a5fa642abe3e67e0e04f7b57ee8254b1bc8de5cb9bd09f242c23",
            "output_sha512": "0a79b9f26036f38e26f06077f89a6a87e4692e3d3759aebfb52676e1f0c689260d0084819aa6619a62792251abf9e27db84dd88bc2a4c0931253958b7a72893e",
            "output_size": 531881,
            "source": [],
            "source_content": null,
            "source_content_filename": null,
            "source_dir": "sam-app/.aws-sam/build/resumelambda",
            "source_file": null,
            "type": "zip"
          },
          "sensitive_attributes": []
        }
      ]
    },
    {
      "mode": "data",
      "type": "aws_caller_identity",
      "name": "current",
      "provider": "provider[\"registry.terraform.io/hashicorp/aws\"]",
      "instances": [
        {
          "schema_version": 0,
          "attributes": {
            "account_id": "428690775959",
            "arn": "arn:aws:iam::428690775959:user/Chris",
            "id": "428690775959",
            "user_id": "AIDAWHT7WD6LQWBBJ3B4L"
          },
          "sensitive_attributes": []
        }
      ]
    },
    {
      "mode": "data",
      "type": "aws_iam_policy_document",
      "name": "allow_access_from_cloud_front",
      "provider": "provider[\"registry.terraform.io/hashicorp/aws\"]",
      "instances": [
        {
          "schema_version": 0,
          "attributes": {
            "id": "1901056595",
            "json": "{\n  \"Version\": \"2012-10-17\",\n  \"Statement\": [\n    {\n      \"Effect\": \"Allow\",\n      \"Action\": \"s3:GetObject\",\n      \"Resource\": \"arn:aws:s3:::resume-bucket-428690775959/*\",\n      \"Principal\": {\n        \"Service\": \"cloudfront.amazonaws.com\"\n      },\n      \"Condition\": {\n        \"StringEquals\": {\n          \"AWS:SourceArn\": \"arn:aws:cloudfront::428690775959:distribution/E4PQF3D4JIMX4\"\n        }\n      }\n    }\n  ]\n}",
            "override_policy_documents": null,
            "policy_id": null,
            "source_policy_documents": null,
            "statement": [
              {
                "actions": [
                  "s3:GetObject"
                ],
                "condition": [
                  {
                    "test": "StringEquals",
                    "values": [
                      "arn:aws:cloudfront::428690775959:distribution/E4PQF3D4JIMX4"
                    ],
                    "variable": "AWS:SourceArn"
                  }
                ],
                "effect": "Allow",
                "not_actions": [],
                "not_principals": [],
                "not_resources": [],
                "principals": [
                  {
                    "identifiers": [
                      "cloudfront.amazonaws.com"
                    ],
                    "type": "Service"
                  }
                ],
                "resources": [
                  "arn:aws:s3:::resume-bucket-428690775959/*"
                ],
                "sid": ""
              }
            ],
            "version": "2012-10-17"
          },
          "sensitive_attributes": []
        }
      ]
    },
    {
      "mode": "managed",
      "type": "aws_api_gateway_deployment",
      "name": "deployment",
      "provider": "provider[\"registry.terraform.io/hashicorp/aws\"]",
      "instances": [
        {
          "schema_version": 0,
          "attributes": {
            "created_date": "2023-11-23T11:15:18Z",
            "description": "",
            "execution_arn": "arn:aws:execute-api:eu-west-1:428690775959:64berhnvkl/prod",
            "id": "xh471a",
            "invoke_url": "https://64berhnvkl.execute-api.eu-west-1.amazonaws.com/prod",
            "rest_api_id": "64berhnvkl",
            "stage_description": null,
            "stage_name": "prod",
            "triggers": null,
            "variables": {
              "stage": "prod"
            }
          },
          "sensitive_attributes": [],
          "private": "bnVsbA==",
          "dependencies": [
            "aws_api_gateway_integration.lambda",
            "aws_api_gateway_integration_response.options_integration_response",
            "aws_api_gateway_method.api-method",
            "aws_api_gateway_method_response.options_200",
            "aws_api_gateway_resource.api-resource",
            "aws_api_gateway_rest_api.resume-api",
            "aws_cloudfront_distribution.resume_cf_distribution",
            "aws_cloudfront_origin_access_control.default",
            "aws_dynamodb_table.resume-dynamodb",
            "aws_iam_role.lambda_exec",
            "aws_lambda_function.resume-lambda",
            "aws_s3_bucket.resume-bucket",
            "data.archive_file.lambda",
            "data.aws_caller_identity.current",
            "null_resource.build-lambda"
          ],
          "create_before_destroy": true
        }
      ]
    },
    {
      "mode": "managed",
      "type": "aws_api_gateway_integration",
      "name": "lambda",
      "provider": "provider[\"registry.terraform.io/hashicorp/aws\"]",
      "instances": [
        {
          "schema_version": 0,
          "attributes": {
            "cache_key_parameters": null,
            "cache_namespace": "fcfqg9",
            "connection_id": "",
            "connection_type": "INTERNET",
            "content_handling": "",
            "credentials": "",
            "http_method": "GET",
            "id": "agi-64berhnvkl-fcfqg9-GET",
            "integration_http_method": "POST",
            "passthrough_behavior": "WHEN_NO_MATCH",
            "request_parameters": null,
            "request_templates": null,
            "resource_id": "fcfqg9",
            "rest_api_id": "64berhnvkl",
            "timeout_milliseconds": 29000,
            "tls_config": [],
            "type": "AWS",
            "uri": "arn:aws:apigateway:eu-west-1:lambda:path/2015-03-31/functions/arn:aws:lambda:eu-west-1:428690775959:function:resume-lambda/invocations"
          },
          "sensitive_attributes": [],
          "private": "bnVsbA==",
          "dependencies": [
            "aws_api_gateway_method.api-method",
            "aws_api_gateway_resource.api-resource",
            "aws_api_gateway_rest_api.resume-api",
            "aws_dynamodb_table.resume-dynamodb",
            "aws_iam_role.lambda_exec",
            "aws_lambda_function.resume-lambda",
            "data.archive_file.lambda",
            "null_resource.build-lambda"
          ],
          "create_before_destroy": true
        }
      ]
    },
    {
      "mode": "managed",
      "type": "aws_api_gateway_integration",
      "name": "lambda_root",
      "provider": "provider[\"registry.terraform.io/hashicorp/aws\"]",
      "instances": [
        {
          "schema_version": 0,
          "attributes": {
            "cache_key_parameters": null,
            "cache_namespace": "fcfqg9",
            "connection_id": "",
            "connection_type": "INTERNET",
            "content_handling": "",
            "credentials": "",
            "http_method": "GET",
            "id": "agi-64berhnvkl-fcfqg9-GET",
            "integration_http_method": "POST",
            "passthrough_behavior": "WHEN_NO_MATCH",
            "request_parameters": null,
            "request_templates": null,
            "resource_id": "fcfqg9",
            "rest_api_id": "64berhnvkl",
            "timeout_milliseconds": 29000,
            "tls_config": [],
            "type": "AWS",
            "uri": "arn:aws:apigateway:eu-west-1:lambda:path/2015-03-31/functions/arn:aws:lambda:eu-west-1:428690775959:function:resume-lambda/invocations"
          },
          "sensitive_attributes": [],
          "private": "bnVsbA==",
          "dependencies": [
            "aws_api_gateway_method.api-method",
            "aws_api_gateway_resource.api-resource",
            "aws_api_gateway_rest_api.resume-api",
            "aws_dynamodb_table.resume-dynamodb",
            "aws_iam_role.lambda_exec",
            "aws_lambda_function.resume-lambda",
            "data.archive_file.lambda",
            "null_resource.build-lambda"
          ]
        }
      ]
    },
    {
      "mode": "managed",
      "type": "aws_api_gateway_integration_response",
      "name": "options_integration_response",
      "provider": "provider[\"registry.terraform.io/hashicorp/aws\"]",
      "instances": [
        {
          "schema_version": 0,
          "attributes": {
            "content_handling": "",
            "http_method": "GET",
            "id": "agir-64berhnvkl-fcfqg9-GET-200",
            "resource_id": "fcfqg9",
            "response_parameters": {
              "method.response.header.Access-Control-Allow-Origin": "'https://ddugfyndj8h97.cloudfront.net'"
            },
            "response_templates": null,
            "rest_api_id": "64berhnvkl",
            "selection_pattern": "",
            "status_code": "200"
          },
          "sensitive_attributes": [],
          "private": "bnVsbA==",
          "dependencies": [
            "aws_api_gateway_method.api-method",
            "aws_api_gateway_method_response.options_200",
            "aws_api_gateway_resource.api-resource",
            "aws_api_gateway_rest_api.resume-api",
            "aws_cloudfront_distribution.resume_cf_distribution",
            "aws_cloudfront_origin_access_control.default",
            "aws_s3_bucket.resume-bucket",
            "data.aws_caller_identity.current"
          ],
          "create_before_destroy": true
        }
      ]
    },
    {
      "mode": "managed",
      "type": "aws_api_gateway_method",
      "name": "api-method",
      "provider": "provider[\"registry.terraform.io/hashicorp/aws\"]",
      "instances": [
        {
          "schema_version": 0,
          "attributes": {
            "api_key_required": false,
            "authorization": "NONE",
            "authorization_scopes": null,
            "authorizer_id": null,
            "http_method": "GET",
            "id": "agm-64berhnvkl-fcfqg9-GET",
            "operation_name": null,
            "request_models": null,
            "request_parameters": null,
            "request_validator_id": null,
            "resource_id": "fcfqg9",
            "rest_api_id": "64berhnvkl"
          },
          "sensitive_attributes": [],
          "private": "bnVsbA==",
          "dependencies": [
            "aws_api_gateway_resource.api-resource",
            "aws_api_gateway_rest_api.resume-api"
          ],
          "create_before_destroy": true
        }
      ]
    },
    {
      "mode": "managed",
      "type": "aws_api_gateway_method_response",
      "name": "options_200",
      "provider": "provider[\"registry.terraform.io/hashicorp/aws\"]",
      "instances": [
        {
          "schema_version": 0,
          "attributes": {
            "http_method": "GET",
            "id": "agmr-64berhnvkl-fcfqg9-GET-200",
            "resource_id": "fcfqg9",
            "response_models": null,
            "response_parameters": {
              "method.response.header.Access-Control-Allow-Origin": true
            },
            "rest_api_id": "64berhnvkl",
            "status_code": "200"
          },
          "sensitive_attributes": [],
          "private": "bnVsbA==",
          "dependencies": [
            "aws_api_gateway_method.api-method",
            "aws_api_gateway_resource.api-resource",
            "aws_api_gateway_rest_api.resume-api"
          ],
          "create_before_destroy": true
        }
      ]
    },
    {
      "mode": "managed",
      "type": "aws_api_gateway_resource",
      "name": "api-resource",
      "provider": "provider[\"registry.terraform.io/hashicorp/aws\"]",
      "instances": [
        {
          "schema_version": 0,
          "attributes": {
            "id": "fcfqg9",
            "parent_id": "9cauhpbv14",
            "path": "/dev",
            "path_part": "dev",
            "rest_api_id": "64berhnvkl"
          },
          "sensitive_attributes": [],
          "private": "bnVsbA==",
          "dependencies": [
            "aws_api_gateway_rest_api.resume-api"
          ],
          "create_before_destroy": true
        }
      ]
    },
    {
      "mode": "managed",
      "type": "aws_api_gateway_rest_api",
      "name": "resume-api",
      "provider": "provider[\"registry.terraform.io/hashicorp/aws\"]",
      "instances": [
        {
          "schema_version": 0,
          "attributes": {
            "api_key_source": "HEADER",
            "arn": "arn:aws:apigateway:eu-west-1::/restapis/64berhnvkl",
            "binary_media_types": [],
            "body": null,
            "created_date": "2023-11-23T11:12:09Z",
            "description": "Terraform resume-api",
            "disable_execute_api_endpoint": false,
            "endpoint_configuration": [
              {
                "types": [
                  "REGIONAL"
                ],
                "vpc_endpoint_ids": []
              }
            ],
            "execution_arn": "arn:aws:execute-api:eu-west-1:428690775959:64berhnvkl",
            "fail_on_warnings": null,
            "id": "64berhnvkl",
            "minimum_compression_size": "",
            "name": "resume-api",
            "parameters": null,
            "policy": "",
            "put_rest_api_mode": null,
            "root_resource_id": "9cauhpbv14",
            "tags": null,
            "tags_all": {}
          },
          "sensitive_attributes": [],
          "private": "bnVsbA==",
          "create_before_destroy": true
        }
      ]
    },
    {
      "mode": "managed",
      "type": "aws_api_gateway_stage",
      "name": "dev",
      "provider": "provider[\"registry.terraform.io/hashicorp/aws\"]",
      "instances": [
        {
          "schema_version": 0,
          "attributes": {
            "access_log_settings": [],
            "arn": "arn:aws:apigateway:eu-west-1::/restapis/64berhnvkl/stages/dev",
            "cache_cluster_enabled": false,
            "cache_cluster_size": "",
            "canary_settings": [],
            "client_certificate_id": "",
            "deployment_id": "xh471a",
            "description": "",
            "documentation_version": "",
            "execution_arn": "arn:aws:execute-api:eu-west-1:428690775959:64berhnvkl/dev",
            "id": "ags-64berhnvkl-dev",
            "invoke_url": "https://64berhnvkl.execute-api.eu-west-1.amazonaws.com/dev",
            "rest_api_id": "64berhnvkl",
            "stage_name": "dev",
            "tags": null,
            "tags_all": {},
            "variables": {
              "stage": "dev"
            },
            "web_acl_arn": "",
            "xray_tracing_enabled": false
          },
          "sensitive_attributes": [],
          "private": "bnVsbA==",
          "dependencies": [
            "aws_api_gateway_deployment.deployment",
            "aws_api_gateway_integration.lambda",
            "aws_api_gateway_integration_response.options_integration_response",
            "aws_api_gateway_method.api-method",
            "aws_api_gateway_method_response.options_200",
            "aws_api_gateway_resource.api-resource",
            "aws_api_gateway_rest_api.resume-api",
            "aws_cloudfront_distribution.resume_cf_distribution",
            "aws_cloudfront_origin_access_control.default",
            "aws_dynamodb_table.resume-dynamodb",
            "aws_iam_role.lambda_exec",
            "aws_lambda_function.resume-lambda",
            "aws_s3_bucket.resume-bucket",
            "data.archive_file.lambda",
            "data.aws_caller_identity.current",
            "null_resource.build-lambda"
          ]
        }
      ]
    },
    {
      "mode": "managed",
      "type": "aws_cloudfront_distribution",
      "name": "resume_cf_distribution",
      "provider": "provider[\"registry.terraform.io/hashicorp/aws\"]",
      "instances": [
        {
          "schema_version": 1,
          "attributes": {
            "aliases": null,
            "arn": "arn:aws:cloudfront::428690775959:distribution/E4PQF3D4JIMX4",
            "caller_reference": "terraform-20231123111211469100000002",
            "comment": "Terraform Cloud Front Distribution",
            "continuous_deployment_policy_id": "",
            "custom_error_response": [],
            "default_cache_behavior": [
              {
                "allowed_methods": [
                  "GET",
                  "HEAD"
                ],
                "cache_policy_id": "",
                "cached_methods": [
                  "GET",
                  "HEAD"
                ],
                "compress": false,
                "default_ttl": 0,
                "field_level_encryption_id": "",
                "forwarded_values": [
                  {
                    "cookies": [
                      {
                        "forward": "none",
                        "whitelisted_names": []
                      }
                    ],
                    "headers": [
                      "Origin"
                    ],
                    "query_string": false,
                    "query_string_cache_keys": []
                  }
                ],
                "function_association": [],
                "lambda_function_association": [],
                "max_ttl": 0,
                "min_ttl": 0,
                "origin_request_policy_id": "",
                "realtime_log_config_arn": "",
                "response_headers_policy_id": "",
                "smooth_streaming": false,
                "target_origin_id": "resume-bucket-428690775959",
                "trusted_key_groups": [],
                "trusted_signers": [],
                "viewer_protocol_policy": "redirect-to-https"
              }
            ],
            "default_root_object": "index.html",
            "domain_name": "ddugfyndj8h97.cloudfront.net",
            "enabled": true,
            "etag": "E3ILM3W5ENYKNK",
            "hosted_zone_id": "Z2FDTNDATAQYW2",
            "http_version": "http2",
            "id": "E4PQF3D4JIMX4",
            "in_progress_validation_batches": 0,
            "is_ipv6_enabled": false,
            "last_modified_time": "2023-11-23 11:12:11.624 +0000 UTC",
            "logging_config": [],
            "ordered_cache_behavior": [],
            "origin": [
              {
                "connection_attempts": 3,
                "connection_timeout": 10,
                "custom_header": [],
                "custom_origin_config": [],
                "domain_name": "resume-bucket-428690775959.s3.eu-west-1.amazonaws.com",
                "origin_access_control_id": "E2AW5CDF9IIMYE",
                "origin_id": "resume-bucket-428690775959",
                "origin_path": "",
                "origin_shield": [],
                "s3_origin_config": []
              }
            ],
            "origin_group": [],
            "price_class": "PriceClass_100",
            "restrictions": [
              {
                "geo_restriction": [
                  {
                    "locations": [],
                    "restriction_type": "none"
                  }
                ]
              }
            ],
            "retain_on_delete": false,
            "staging": false,
            "status": "Deployed",
            "tags": {
              "Environment": "Dev"
            },
            "tags_all": {
              "Environment": "Dev"
            },
            "trusted_key_groups": [
              {
                "enabled": false,
                "items": []
              }
            ],
            "trusted_signers": [
              {
                "enabled": false,
                "items": []
              }
            ],
            "viewer_certificate": [
              {
                "acm_certificate_arn": "",
                "cloudfront_default_certificate": true,
                "iam_certificate_id": "",
                "minimum_protocol_version": "TLSv1",
                "ssl_support_method": ""
              }
            ],
            "wait_for_deployment": true,
            "web_acl_id": ""
          },
          "sensitive_attributes": [],
          "private": "eyJzY2hlbWFfdmVyc2lvbiI6IjEifQ==",
          "dependencies": [
            "aws_cloudfront_origin_access_control.default",
            "aws_s3_bucket.resume-bucket",
            "data.aws_caller_identity.current"
          ],
          "create_before_destroy": true
        }
      ]
    },
    {
      "mode": "managed",
      "type": "aws_cloudfront_origin_access_control",
      "name": "default",
      "provider": "provider[\"registry.terraform.io/hashicorp/aws\"]",
      "instances": [
        {
          "schema_version": 0,
          "attributes": {
            "description": "Resume Example Policy",
            "etag": "ETVPDKIKX0DER",
            "id": "E2AW5CDF9IIMYE",
            "name": "default-resume",
            "origin_access_control_origin_type": "s3",
            "signing_behavior": "always",
            "signing_protocol": "sigv4"
          },
          "sensitive_attributes": [],
          "private": "bnVsbA==",
          "create_before_destroy": true
        }
      ]
    },
    {
      "mode": "managed",
      "type": "aws_cloudfront_origin_access_identity",
      "name": "resume_cf",
      "provider": "provider[\"registry.terraform.io/hashicorp/aws\"]",
      "instances": [
        {
          "schema_version": 0,
          "attributes": {
            "caller_reference": "terraform-20231123111209407900000001",
            "cloudfront_access_identity_path": "origin-access-identity/cloudfront/E2UOMNRQP1TEV1",
            "comment": "resume_cf",
            "etag": "EA8W9OCGG1I50",
            "iam_arn": "arn:aws:iam::cloudfront:user/CloudFront Origin Access Identity E2UOMNRQP1TEV1",
            "id": "E2UOMNRQP1TEV1",
            "s3_canonical_user_id": "55afb609226861f1cfcab6e8f9c996623cdac36afba1f72565de646b4fb8502fe119f038a53275cff3205e07db275459"
          },
          "sensitive_attributes": [],
          "private": "bnVsbA=="
        }
      ]
    },
    {
      "mode": "managed",
      "type": "aws_dynamodb_table",
      "name": "resume-dynamodb",
      "provider": "provider[\"registry.terraform.io/hashicorp/aws\"]",
      "instances": [
        {
          "schema_version": 1,
          "attributes": {
            "arn": "arn:aws:dynamodb:eu-west-1:428690775959:table/resume-table",
            "attribute": [
              {
                "name": "id",
                "type": "S"
              }
            ],
            "billing_mode": "PAY_PER_REQUEST",
            "deletion_protection_enabled": false,
            "global_secondary_index": [],
            "hash_key": "id",
            "id": "resume-table",
            "import_table": [],
            "local_secondary_index": [],
            "name": "resume-table",
            "point_in_time_recovery": [
              {
                "enabled": false
              }
            ],
            "range_key": null,
            "read_capacity": 0,
            "replica": [],
            "restore_date_time": null,
            "restore_source_name": null,
            "restore_to_latest_time": null,
            "server_side_encryption": [
              {
                "enabled": true,
                "kms_key_arn": ""
              }
            ],
            "stream_arn": "",
            "stream_enabled": false,
            "stream_label": "",
            "stream_view_type": "",
            "table_class": "STANDARD",
            "tags": {
              "Environment": "dev",
              "Name": "dynamodb-resume-table"
            },
            "tags_all": {
              "Environment": "dev",
              "Name": "dynamodb-resume-table"
            },
            "timeouts": null,
            "ttl": [
              {
                "attribute_name": "",
                "enabled": false
              }
            ],
            "write_capacity": 0
          },
          "sensitive_attributes": [],
          "private": "eyJlMmJmYjczMC1lY2FhLTExZTYtOGY4OC0zNDM2M2JjN2M0YzAiOnsiY3JlYXRlIjoxODAwMDAwMDAwMDAwLCJkZWxldGUiOjYwMDAwMDAwMDAwMCwidXBkYXRlIjozNjAwMDAwMDAwMDAwfSwic2NoZW1hX3ZlcnNpb24iOiIxIn0=",
          "create_before_destroy": true
        }
      ]
    },
    {
      "mode": "managed",
      "type": "aws_dynamodb_table_item",
      "name": "example",
      "provider": "provider[\"registry.terraform.io/hashicorp/aws\"]",
      "instances": [
        {
          "schema_version": 0,
          "attributes": {
            "hash_key": "id",
            "id": "resume-table|id||Counter|",
            "item": "{\n  \"id\": {\"S\": \"Counter\"},\n  \"count\": {\"N\": \"0\"}\n}\n",
            "range_key": null,
            "table_name": "resume-table"
          },
          "sensitive_attributes": [],
          "private": "bnVsbA==",
          "dependencies": [
            "aws_dynamodb_table.resume-dynamodb"
          ]
        }
      ]
    },
    {
      "mode": "managed",
      "type": "aws_iam_policy",
      "name": "lambda_exec_role",
      "provider": "provider[\"registry.terraform.io/hashicorp/aws\"]",
      "instances": [
        {
          "schema_version": 0,
          "attributes": {
            "arn": "arn:aws:iam::428690775959:policy/lambda-tf-pattern-ddb-post",
            "description": "",
            "id": "arn:aws:iam::428690775959:policy/lambda-tf-pattern-ddb-post",
            "name": "lambda-tf-pattern-ddb-post",
            "name_prefix": "",
            "path": "/",
            "policy": "{\"Statement\":[{\"Action\":[\"dynamodb:GetItem\",\"dynamodb:PutItem\",\"dynamodb:UpdateItem\"],\"Effect\":\"Allow\",\"Resource\":\"arn:aws:dynamodb:eu-west-1:428690775959:table/resume-table\"},{\"Action\":[\"logs:CreateLogGroup\",\"logs:CreateLogStream\",\"logs:PutLogEvents\"],\"Effect\":\"Allow\",\"Resource\":\"*\"}],\"Version\":\"2012-10-17\"}",
            "policy_id": "ANPAWHT7WD6LYIMMCLAQK",
            "tags": null,
            "tags_all": {}
          },
          "sensitive_attributes": [],
          "private": "bnVsbA==",
          "dependencies": [
            "aws_dynamodb_table.resume-dynamodb"
          ]
        }
      ]
    },
    {
      "mode": "managed",
      "type": "aws_iam_role",
      "name": "lambda_exec",
      "provider": "provider[\"registry.terraform.io/hashicorp/aws\"]",
      "instances": [
        {
          "schema_version": 0,
          "attributes": {
            "arn": "arn:aws:iam::428690775959:role/serverless_example_lambda",
            "assume_role_policy": "{\"Statement\":[{\"Action\":\"sts:AssumeRole\",\"Effect\":\"Allow\",\"Principal\":{\"Service\":\"lambda.amazonaws.com\"},\"Sid\":\"\"}],\"Version\":\"2012-10-17\"}",
            "create_date": "2023-11-23T11:12:10Z",
            "description": "",
            "force_detach_policies": false,
            "id": "serverless_example_lambda",
            "inline_policy": [],
            "managed_policy_arns": [],
            "max_session_duration": 3600,
            "name": "serverless_example_lambda",
            "name_prefix": "",
            "path": "/",
            "permissions_boundary": "",
            "tags": null,
            "tags_all": {},
            "unique_id": "AROAWHT7WD6L4WAR534YK"
          },
          "sensitive_attributes": [],
          "private": "bnVsbA==",
          "create_before_destroy": true
        }
      ]
    },
    {
      "mode": "managed",
      "type": "aws_iam_role_policy_attachment",
      "name": "lambda_policy",
      "provider": "provider[\"registry.terraform.io/hashicorp/aws\"]",
      "instances": [
        {
          "schema_version": 0,
          "attributes": {
            "id": "serverless_example_lambda-20231123111218021000000003",
            "policy_arn": "arn:aws:iam::428690775959:policy/lambda-tf-pattern-ddb-post",
            "role": "serverless_example_lambda"
          },
          "sensitive_attributes": [],
          "private": "bnVsbA==",
          "dependencies": [
            "aws_dynamodb_table.resume-dynamodb",
            "aws_iam_policy.lambda_exec_role",
            "aws_iam_role.lambda_exec"
          ]
        }
      ]
    },
    {
      "mode": "managed",
      "type": "aws_lambda_alias",
      "name": "alias_dev",
      "provider": "provider[\"registry.terraform.io/hashicorp/aws\"]",
      "instances": [
        {
          "schema_version": 0,
          "attributes": {
            "arn": "arn:aws:lambda:eu-west-1:428690775959:function:resume-lambda:dev",
            "description": "dev",
            "function_name": "arn:aws:lambda:eu-west-1:428690775959:function:resume-lambda",
            "function_version": "$LATEST",
            "id": "arn:aws:lambda:eu-west-1:428690775959:function:resume-lambda:dev",
            "invoke_arn": "arn:aws:apigateway:eu-west-1:lambda:path/2015-03-31/functions/arn:aws:lambda:eu-west-1:428690775959:function:resume-lambda:dev/invocations",
            "name": "dev",
            "routing_config": []
          },
          "sensitive_attributes": [],
          "private": "bnVsbA==",
          "dependencies": [
            "aws_dynamodb_table.resume-dynamodb",
            "aws_iam_role.lambda_exec",
            "aws_lambda_function.resume-lambda",
            "data.archive_file.lambda",
            "null_resource.build-lambda"
          ]
        }
      ]
    },
    {
      "mode": "managed",
      "type": "aws_lambda_alias",
      "name": "alias_prod",
      "provider": "provider[\"registry.terraform.io/hashicorp/aws\"]",
      "instances": [
        {
          "schema_version": 0,
          "attributes": {
            "arn": "arn:aws:lambda:eu-west-1:428690775959:function:resume-lambda:prod",
            "description": "prod",
            "function_name": "arn:aws:lambda:eu-west-1:428690775959:function:resume-lambda",
            "function_version": "$LATEST",
            "id": "arn:aws:lambda:eu-west-1:428690775959:function:resume-lambda:prod",
            "invoke_arn": "arn:aws:apigateway:eu-west-1:lambda:path/2015-03-31/functions/arn:aws:lambda:eu-west-1:428690775959:function:resume-lambda:prod/invocations",
            "name": "prod",
            "routing_config": []
          },
          "sensitive_attributes": [],
          "private": "bnVsbA==",
          "dependencies": [
            "aws_dynamodb_table.resume-dynamodb",
            "aws_iam_role.lambda_exec",
            "aws_lambda_function.resume-lambda",
            "data.archive_file.lambda",
            "null_resource.build-lambda"
          ]
        }
      ]
    },
    {
      "mode": "managed",
      "type": "aws_lambda_function",
      "name": "resume-lambda",
      "provider": "provider[\"registry.terraform.io/hashicorp/aws\"]",
      "instances": [
        {
          "schema_version": 0,
          "attributes": {
            "architectures": [
              "x86_64"
            ],
            "arn": "arn:aws:lambda:eu-west-1:428690775959:function:resume-lambda",
            "code_signing_config_arn": "",
            "dead_letter_config": [],
            "description": "",
            "environment": [
              {
                "variables": {
                  "DDB_TABLE": "resume-table"
                }
              }
            ],
            "ephemeral_storage": [
              {
                "size": 512
              }
            ],
            "file_system_config": [],
            "filename": "resumelambda.zip",
            "function_name": "resume-lambda",
            "handler": "app.lambda_handler",
            "id": "resume-lambda",
            "image_config": [],
            "image_uri": "",
            "invoke_arn": "arn:aws:apigateway:eu-west-1:lambda:path/2015-03-31/functions/arn:aws:lambda:eu-west-1:428690775959:function:resume-lambda/invocations",
            "kms_key_arn": "",
            "last_modified": "2023-11-23T11:12:17.785+0000",
            "layers": null,
            "memory_size": 128,
            "package_type": "Zip",
            "publish": false,
            "qualified_arn": "arn:aws:lambda:eu-west-1:428690775959:function:resume-lambda:$LATEST",
            "qualified_invoke_arn": "arn:aws:apigateway:eu-west-1:lambda:path/2015-03-31/functions/arn:aws:lambda:eu-west-1:428690775959:function:resume-lambda:$LATEST/invocations",
            "replace_security_groups_on_destroy": null,
            "replacement_security_group_ids": null,
            "reserved_concurrent_executions": -1,
            "role": "arn:aws:iam::428690775959:role/serverless_example_lambda",
            "runtime": "python3.11",
            "s3_bucket": null,
            "s3_key": null,
            "s3_object_version": null,
            "signing_job_arn": "",
            "signing_profile_version_arn": "",
            "skip_destroy": false,
            "snap_start": [],
            "source_code_hash": "r2RXLoRDpfpkKr4+Z+DgT3tX7oJUsbyN5cub0J8kLCM=",
            "source_code_size": 531881,
            "tags": null,
            "tags_all": {},
            "timeout": 3,
            "timeouts": null,
            "tracing_config": [
              {
                "mode": "PassThrough"
              }
            ],
            "version": "$LATEST",
            "vpc_config": []
          },
          "sensitive_attributes": [],
          "private": "eyJlMmJmYjczMC1lY2FhLTExZTYtOGY4OC0zNDM2M2JjN2M0YzAiOnsiY3JlYXRlIjo2MDAwMDAwMDAwMDAsImRlbGV0ZSI6NjAwMDAwMDAwMDAwLCJ1cGRhdGUiOjYwMDAwMDAwMDAwMH19",
          "dependencies": [
            "aws_dynamodb_table.resume-dynamodb",
            "aws_iam_role.lambda_exec",
            "data.archive_file.lambda",
            "null_resource.build-lambda"
          ],
          "create_before_destroy": true
        }
      ]
    },
    {
      "mode": "managed",
      "type": "aws_lambda_permission",
      "name": "apigw",
      "provider": "provider[\"registry.terraform.io/hashicorp/aws\"]",
      "instances": [
        {
          "schema_version": 0,
          "attributes": {
            "action": "lambda:InvokeFunction",
            "event_source_token": null,
            "function_name": "resume-lambda",
            "function_url_auth_type": null,
            "id": "AllowAPIGatewayInvoke",
            "principal": "apigateway.amazonaws.com",
            "principal_org_id": null,
            "qualifier": "",
            "source_account": null,
            "source_arn": "arn:aws:execute-api:eu-west-1:428690775959:64berhnvkl/*/*",
            "statement_id": "AllowAPIGatewayInvoke",
            "statement_id_prefix": ""
          },
          "sensitive_attributes": [],
          "private": "bnVsbA==",
          "dependencies": [
            "aws_api_gateway_rest_api.resume-api",
            "aws_dynamodb_table.resume-dynamodb",
            "aws_iam_role.lambda_exec",
            "aws_lambda_function.resume-lambda",
            "data.archive_file.lambda",
            "null_resource.build-lambda"
          ]
        }
      ]
    },
    {
      "mode": "managed",
      "type": "aws_s3_bucket",
      "name": "resume-bucket",
      "provider": "provider[\"registry.terraform.io/hashicorp/aws\"]",
      "instances": [
        {
          "schema_version": 0,
          "attributes": {
            "acceleration_status": "",
            "acl": null,
            "arn": "arn:aws:s3:::resume-bucket-428690775959",
            "bucket": "resume-bucket-428690775959",
            "bucket_domain_name": "resume-bucket-428690775959.s3.amazonaws.com",
            "bucket_prefix": "",
            "bucket_regional_domain_name": "resume-bucket-428690775959.s3.eu-west-1.amazonaws.com",
            "cors_rule": [],
            "force_destroy": false,
            "grant": [
              {
                "id": "95d7578e1b292cb4c5657d87ce5607598f235686e978977faf0f1a2769ad0ad6",
                "permissions": [
                  "FULL_CONTROL"
                ],
                "type": "CanonicalUser",
                "uri": ""
              }
            ],
            "hosted_zone_id": "Z1BKCTXD74EZPE",
            "id": "resume-bucket-428690775959",
            "lifecycle_rule": [],
            "logging": [],
            "object_lock_configuration": [],
            "object_lock_enabled": false,
            "policy": "",
            "region": "eu-west-1",
            "replication_configuration": [],
            "request_payer": "BucketOwner",
            "server_side_encryption_configuration": [
              {
                "rule": [
                  {
                    "apply_server_side_encryption_by_default": [
                      {
                        "kms_master_key_id": "",
                        "sse_algorithm": "AES256"
                      }
                    ],
                    "bucket_key_enabled": false
                  }
                ]
              }
            ],
            "tags": {
              "Environment": "Dev",
              "Name": "resume-bucket"
            },
            "tags_all": {
              "Environment": "Dev",
              "Name": "resume-bucket"
            },
            "timeouts": null,
            "versioning": [
              {
                "enabled": false,
                "mfa_delete": false
              }
            ],
            "website": [],
            "website_domain": null,
            "website_endpoint": null
          },
          "sensitive_attributes": [],
          "private": "eyJlMmJmYjczMC1lY2FhLTExZTYtOGY4OC0zNDM2M2JjN2M0YzAiOnsiY3JlYXRlIjoxMjAwMDAwMDAwMDAwLCJkZWxldGUiOjM2MDAwMDAwMDAwMDAsInJlYWQiOjEyMDAwMDAwMDAwMDAsInVwZGF0ZSI6MTIwMDAwMDAwMDAwMH19",
          "dependencies": [
            "data.aws_caller_identity.current"
          ],
          "create_before_destroy": true
        }
      ]
    },
    {
      "mode": "managed",
      "type": "aws_s3_bucket_policy",
      "name": "allow_access_from_cloud_front",
      "provider": "provider[\"registry.terraform.io/hashicorp/aws\"]",
      "instances": [
        {
          "schema_version": 0,
          "attributes": {
            "bucket": "resume-bucket-428690775959",
            "id": "resume-bucket-428690775959",
            "policy": "{\"Statement\":[{\"Action\":\"s3:GetObject\",\"Condition\":{\"StringEquals\":{\"AWS:SourceArn\":\"arn:aws:cloudfront::428690775959:distribution/E4PQF3D4JIMX4\"}},\"Effect\":\"Allow\",\"Principal\":{\"Service\":\"cloudfront.amazonaws.com\"},\"Resource\":\"arn:aws:s3:::resume-bucket-428690775959/*\"}],\"Version\":\"2012-10-17\"}"
          },
          "sensitive_attributes": [],
          "private": "bnVsbA==",
          "dependencies": [
            "aws_cloudfront_distribution.resume_cf_distribution",
            "aws_cloudfront_origin_access_control.default",
            "aws_s3_bucket.resume-bucket",
            "data.aws_caller_identity.current",
            "data.aws_iam_policy_document.allow_access_from_cloud_front"
          ]
        }
      ]
    },
    {
      "mode": "managed",
      "type": "aws_s3_bucket_public_access_block",
      "name": "block_public_access",
      "provider": "provider[\"registry.terraform.io/hashicorp/aws\"]",
      "instances": [
        {
          "schema_version": 0,
          "attributes": {
            "block_public_acls": true,
            "block_public_policy": true,
            "bucket": "resume-bucket-428690775959",
            "id": "resume-bucket-428690775959",
            "ignore_public_acls": true,
            "restrict_public_buckets": true
          },
          "sensitive_attributes": [],
          "private": "bnVsbA==",
          "dependencies": [
            "aws_s3_bucket.resume-bucket",
            "data.aws_caller_identity.current"
          ]
        }
      ]
    },
    {
      "mode": "managed",
      "type": "aws_s3_object",
      "name": "jsfile",
      "provider": "provider[\"registry.terraform.io/hashicorp/aws\"]",
      "instances": [
        {
          "schema_version": 0,
          "attributes": {
            "acl": null,
            "bucket": "resume-bucket-428690775959",
            "bucket_key_enabled": false,
            "cache_control": "",
            "checksum_algorithm": null,
            "checksum_crc32": "",
            "checksum_crc32c": "",
            "checksum_sha1": "",
            "checksum_sha256": "",
            "content": null,
            "content_base64": null,
            "content_disposition": "",
            "content_encoding": "",
            "content_language": "",
            "content_type": "application/javascript",
            "etag": "5c9525d9061527cd26a2b0123874bf02",
            "force_destroy": false,
            "id": "script.js",
            "key": "script.js",
            "kms_key_id": null,
            "metadata": null,
            "object_lock_legal_hold_status": "",
            "object_lock_mode": "",
            "object_lock_retain_until_date": "",
            "override_provider": [],
            "server_side_encryption": "AES256",
            "source": "webpage/script.js",
            "source_hash": null,
            "storage_class": "STANDARD",
            "tags": null,
            "tags_all": {},
            "version_id": "",
            "website_redirect": ""
          },
          "sensitive_attributes": [],
          "private": "bnVsbA==",
          "dependencies": [
            "aws_api_gateway_deployment.deployment",
            "aws_api_gateway_integration.lambda",
            "aws_api_gateway_integration_response.options_integration_response",
            "aws_api_gateway_method.api-method",
            "aws_api_gateway_method_response.options_200",
            "aws_api_gateway_resource.api-resource",
            "aws_api_gateway_rest_api.resume-api",
            "aws_cloudfront_distribution.resume_cf_distribution",
            "aws_cloudfront_origin_access_control.default",
            "aws_dynamodb_table.resume-dynamodb",
            "aws_iam_role.lambda_exec",
            "aws_lambda_function.resume-lambda",
            "aws_s3_bucket.resume-bucket",
            "data.archive_file.lambda",
            "data.aws_caller_identity.current",
            "local_file.jsfile",
            "null_resource.build-lambda"
          ]
        }
      ]
    },
    {
      "mode": "managed",
      "type": "aws_s3_object",
      "name": "webpage",
      "provider": "provider[\"registry.terraform.io/hashicorp/aws\"]",
      "instances": [
        {
          "index_key": "index.html",
          "schema_version": 0,
          "attributes": {
            "acl": null,
            "bucket": "resume-bucket-428690775959",
            "bucket_key_enabled": false,
            "cache_control": "",
            "checksum_algorithm": null,
            "checksum_crc32": "",
            "checksum_crc32c": "",
            "checksum_sha1": "",
            "checksum_sha256": "",
            "content": null,
            "content_base64": null,
            "content_disposition": "",
            "content_encoding": "",
            "content_language": "",
            "content_type": "text/html",
            "etag": "f1454cdf887568d1c016b03f3aef6772",
            "force_destroy": false,
            "id": "index.html",
            "key": "index.html",
            "kms_key_id": null,
            "metadata": null,
            "object_lock_legal_hold_status": "",
            "object_lock_mode": "",
            "object_lock_retain_until_date": "",
            "override_provider": [],
            "server_side_encryption": "AES256",
            "source": "./webpage/index.html",
            "source_hash": null,
            "storage_class": "STANDARD",
            "tags": null,
            "tags_all": {},
            "version_id": "",
            "website_redirect": ""
          },
          "sensitive_attributes": [],
          "private": "bnVsbA==",
          "dependencies": [
            "aws_api_gateway_deployment.deployment",
            "aws_api_gateway_integration.lambda",
            "aws_api_gateway_integration_response.options_integration_response",
            "aws_api_gateway_method.api-method",
            "aws_api_gateway_method_response.options_200",
            "aws_api_gateway_resource.api-resource",
            "aws_api_gateway_rest_api.resume-api",
            "aws_cloudfront_distribution.resume_cf_distribution",
            "aws_cloudfront_origin_access_control.default",
            "aws_dynamodb_table.resume-dynamodb",
            "aws_iam_role.lambda_exec",
            "aws_lambda_function.resume-lambda",
            "aws_s3_bucket.resume-bucket",
            "data.archive_file.lambda",
            "data.aws_caller_identity.current",
            "null_resource.build-lambda"
          ]
        },
        {
          "index_key": "styles.css",
          "schema_version": 0,
          "attributes": {
            "acl": null,
            "bucket": "resume-bucket-428690775959",
            "bucket_key_enabled": false,
            "cache_control": "",
            "checksum_algorithm": null,
            "checksum_crc32": "",
            "checksum_crc32c": "",
            "checksum_sha1": "",
            "checksum_sha256": "",
            "content": null,
            "content_base64": null,
            "content_disposition": "",
            "content_encoding": "",
            "content_language": "",
            "content_type": "text/html",
            "etag": "850c381493d20b719b662abac4e6f4fc",
            "force_destroy": false,
            "id": "styles.css",
            "key": "styles.css",
            "kms_key_id": null,
            "metadata": null,
            "object_lock_legal_hold_status": "",
            "object_lock_mode": "",
            "object_lock_retain_until_date": "",
            "override_provider": [],
            "server_side_encryption": "AES256",
            "source": "./webpage/styles.css",
            "source_hash": null,
            "storage_class": "STANDARD",
            "tags": null,
            "tags_all": {},
            "version_id": "",
            "website_redirect": ""
          },
          "sensitive_attributes": [],
          "private": "bnVsbA==",
          "dependencies": [
            "aws_api_gateway_deployment.deployment",
            "aws_api_gateway_integration.lambda",
            "aws_api_gateway_integration_response.options_integration_response",
            "aws_api_gateway_method.api-method",
            "aws_api_gateway_method_response.options_200",
            "aws_api_gateway_resource.api-resource",
            "aws_api_gateway_rest_api.resume-api",
            "aws_cloudfront_distribution.resume_cf_distribution",
            "aws_cloudfront_origin_access_control.default",
            "aws_dynamodb_table.resume-dynamodb",
            "aws_iam_role.lambda_exec",
            "aws_lambda_function.resume-lambda",
            "aws_s3_bucket.resume-bucket",
            "data.archive_file.lambda",
            "data.aws_caller_identity.current",
            "null_resource.build-lambda"
          ]
        }
      ]
    },
    {
      "mode": "managed",
      "type": "local_file",
      "name": "config",
      "provider": "provider[\"registry.terraform.io/hashicorp/local\"]",
      "instances": [
        {
          "schema_version": 0,
          "attributes": {
            "content": "CLOUDFRONT_URL=ddugfyndj8h97.cloudfront.net\nS3BUCKET=resume-bucket-428690775959\nAPI_INVOKE_URL=https://64berhnvkl.execute-api.eu-west-1.amazonaws.com/prod",
            "content_base64": null,
            "content_base64sha256": "cQ6p++/OnF0uxjHiMi/mnv+/RLI0kIv3DlritvKz1GI=",
            "content_base64sha512": "ARIAh+/aDx+SVnYBOZO1l064lkdXQUK+D3QjbBpX/lTOiWeoZcVORTCx1F924XRJ+WpankbeJ1piC21YmAX4BQ==",
            "content_md5": "b3e7d231dd7a9c05e55776e27fec5907",
            "content_sha1": "da16c6b62ddaf0846dc603287d51dd796b93b8d4",
            "content_sha256": "710ea9fbefce9c5d2ec631e2322fe69effbf44b234908bf70e5ae2b6f2b3d462",
            "content_sha512": "01120087efda0f1f925676013993b5974eb89647574142be0f74236c1a57fe54ce8967a865c54e4530b1d45f76e17449f96a5a9e46de275a620b6d589805f805",
            "directory_permission": "0777",
            "file_permission": "0777",
            "filename": "config",
            "id": "da16c6b62ddaf0846dc603287d51dd796b93b8d4",
            "sensitive_content": null,
            "source": null
          },
          "sensitive_attributes": [],
          "dependencies": [
            "aws_api_gateway_deployment.deployment",
            "aws_api_gateway_integration.lambda",
            "aws_api_gateway_integration_response.options_integration_response",
            "aws_api_gateway_method.api-method",
            "aws_api_gateway_method_response.options_200",
            "aws_api_gateway_resource.api-resource",
            "aws_api_gateway_rest_api.resume-api",
            "aws_cloudfront_distribution.resume_cf_distribution",
            "aws_cloudfront_origin_access_control.default",
            "aws_dynamodb_table.resume-dynamodb",
            "aws_iam_role.lambda_exec",
            "aws_lambda_function.resume-lambda",
            "aws_s3_bucket.resume-bucket",
            "data.archive_file.lambda",
            "data.aws_caller_identity.current",
            "null_resource.build-lambda"
          ]
        }
      ]
    },
    {
      "mode": "managed",
      "type": "local_file",
      "name": "jsfile",
      "provider": "provider[\"registry.terraform.io/hashicorp/local\"]",
      "instances": [
        {
          "schema_version": 0,
          "attributes": {
            "content": "function getData() {\n    fetch(\"https://64berhnvkl.execute-api.eu-west-1.amazonaws.com/prod/dev\")\n    .then(res =\u003e res.json())\n    .then(data =\u003e document.getElementById(\"show\").innerHTML = data.body.message)\n    .catch(error =\u003e console.log(\"Error: \", error))\n};\n\ngetData()",
            "content_base64": null,
            "content_base64sha256": "Dzn9KeIGMNFRTR4BO1GD8SOHK0oQ1jsZAQO5RD5gQvw=",
            "content_base64sha512": "RS93D07+/scltZgpeQZb87HykFFmGp5WSYJFJdwb/NVYVluJ4ORrb2YuKXO2BpVDxzN26seFXUePnMnYEenaPQ==",
            "content_md5": "5c9525d9061527cd26a2b0123874bf02",
            "content_sha1": "c94dff3d659b2e0b0136bc1f2501ed178864b2af",
            "content_sha256": "0f39fd29e20630d1514d1e013b5183f123872b4a10d63b190103b9443e6042fc",
            "content_sha512": "452f770f4efefec725b5982979065bf3b1f29051661a9e5649824525dc1bfcd558565b89e0e46b6f662e2973b6069543c73376eac7855d478f9cc9d811e9da3d",
            "directory_permission": "0777",
            "file_permission": "0777",
            "filename": "webpage/script.js",
            "id": "c94dff3d659b2e0b0136bc1f2501ed178864b2af",
            "sensitive_content": null,
            "source": null
          },
          "sensitive_attributes": [],
          "dependencies": [
            "aws_api_gateway_deployment.deployment",
            "aws_api_gateway_integration.lambda",
            "aws_api_gateway_integration_response.options_integration_response",
            "aws_api_gateway_method.api-method",
            "aws_api_gateway_method_response.options_200",
            "aws_api_gateway_resource.api-resource",
            "aws_api_gateway_rest_api.resume-api",
            "aws_cloudfront_distribution.resume_cf_distribution",
            "aws_cloudfront_origin_access_control.default",
            "aws_dynamodb_table.resume-dynamodb",
            "aws_iam_role.lambda_exec",
            "aws_lambda_function.resume-lambda",
            "aws_s3_bucket.resume-bucket",
            "data.archive_file.lambda",
            "data.aws_caller_identity.current",
            "null_resource.build-lambda"
          ]
        }
      ]
    },
    {
      "mode": "managed",
      "type": "null_resource",
      "name": "build-lambda",
      "provider": "provider[\"registry.terraform.io/hashicorp/null\"]",
      "instances": [
        {
          "schema_version": 0,
          "attributes": {
            "id": "7900613212383050810",
            "triggers": null
          },
          "sensitive_attributes": [],
          "create_before_destroy": true
        }
      ]
    }
  ],
  "check_results": null
}
