{
  "version": 4,
  "terraform_version": "1.6.3",
  "serial": 819,
  "lineage": "60ebb3ba-48e6-3e25-26a4-f757d433b17f",
  "outputs": {
    "account_id": {
      "value": "428690775959",
      "type": "string"
    },
    "api_address": {
      "value": "https://xr8tkzp99f.execute-api.eu-west-1.amazonaws.com/prod",
      "type": "string"
    },
    "cloudfront_address": {
      "value": "d3h8aqfimr8pmk.cloudfront.net",
      "type": "string"
    }
  },
  "resources": [
    {
      "mode": "data",
      "type": "archive_file",
      "name": "lambda",
      "provider": "provider[\"registry.terraform.io/hashicorp/archive\"]",
      "instances": [
        {
          "schema_version": 0,
          "attributes": {
            "exclude_symlink_directories": null,
            "excludes": null,
            "id": "661b6463b3638e33a3ea010b9df4adb8fd86dfe5",
            "output_base64sha256": "UQ8Y4dP3diO77iGVraddk+g35+21sMoGn/GBkjzoOVY=",
            "output_base64sha512": "5QPjqYqgm1Jeo8vT3ctRw3E3e0zY4+reFv53h3Tz/TG8Lo4dyQdijhE4UzMc9RZLyc0VYvvAMghXGT1X2ODvOg==",
            "output_file_mode": null,
            "output_md5": "555e5a52c5369f9f00b3c02f7752a869",
            "output_path": "resumelambda.zip",
            "output_sha": "661b6463b3638e33a3ea010b9df4adb8fd86dfe5",
            "output_sha256": "510f18e1d3f77623bbee2195ada75d93e837e7edb5b0ca069ff181923ce83956",
            "output_sha512": "e503e3a98aa09b525ea3cbd3ddcb51c371377b4cd8e3eade16fe778774f3fd31bc2e8e1dc907628e113853331cf5164bc9cd1562fbc0320857193d57d8e0ef3a",
            "output_size": 531880,
            "source": [],
            "source_content": null,
            "source_content_filename": null,
            "source_dir": "sam-app/.aws-sam/build/resumelambda",
            "source_file": null,
            "type": "zip"
          },
          "sensitive_attributes": []
        }
      ]
    },
    {
      "mode": "data",
      "type": "aws_caller_identity",
      "name": "current",
      "provider": "provider[\"registry.terraform.io/hashicorp/aws\"]",
      "instances": [
        {
          "schema_version": 0,
          "attributes": {
            "account_id": "428690775959",
            "arn": "arn:aws:iam::428690775959:user/Chris",
            "id": "428690775959",
            "user_id": "AIDAWHT7WD6LQWBBJ3B4L"
          },
          "sensitive_attributes": []
        }
      ]
    },
    {
      "mode": "data",
      "type": "aws_iam_policy_document",
      "name": "allow_access_from_cloud_front",
      "provider": "provider[\"registry.terraform.io/hashicorp/aws\"]",
      "instances": [
        {
          "schema_version": 0,
          "attributes": {
            "id": "2943994543",
            "json": "{\n  \"Version\": \"2012-10-17\",\n  \"Statement\": [\n    {\n      \"Effect\": \"Allow\",\n      \"Action\": \"s3:GetObject\",\n      \"Resource\": \"arn:aws:s3:::resume-bucket-428690775959/*\",\n      \"Principal\": {\n        \"Service\": \"cloudfront.amazonaws.com\"\n      },\n      \"Condition\": {\n        \"StringEquals\": {\n          \"AWS:SourceArn\": \"arn:aws:cloudfront::428690775959:distribution/E126B3KFZMNBZD\"\n        }\n      }\n    }\n  ]\n}",
            "override_policy_documents": null,
            "policy_id": null,
            "source_policy_documents": null,
            "statement": [
              {
                "actions": [
                  "s3:GetObject"
                ],
                "condition": [
                  {
                    "test": "StringEquals",
                    "values": [
                      "arn:aws:cloudfront::428690775959:distribution/E126B3KFZMNBZD"
                    ],
                    "variable": "AWS:SourceArn"
                  }
                ],
                "effect": "Allow",
                "not_actions": [],
                "not_principals": [],
                "not_resources": [],
                "principals": [
                  {
                    "identifiers": [
                      "cloudfront.amazonaws.com"
                    ],
                    "type": "Service"
                  }
                ],
                "resources": [
                  "arn:aws:s3:::resume-bucket-428690775959/*"
                ],
                "sid": ""
              }
            ],
            "version": "2012-10-17"
          },
          "sensitive_attributes": []
        }
      ]
    },
    {
      "mode": "managed",
      "type": "aws_api_gateway_deployment",
      "name": "deployment",
      "provider": "provider[\"registry.terraform.io/hashicorp/aws\"]",
      "instances": [
        {
          "schema_version": 0,
          "attributes": {
            "created_date": "2023-11-20T12:23:11Z",
            "description": "",
            "execution_arn": "arn:aws:execute-api:eu-west-1:428690775959:xr8tkzp99f/prod",
            "id": "ksmsjk",
            "invoke_url": "https://xr8tkzp99f.execute-api.eu-west-1.amazonaws.com/prod",
            "rest_api_id": "xr8tkzp99f",
            "stage_description": null,
            "stage_name": "prod",
            "triggers": null,
            "variables": {
              "stage": "prod"
            }
          },
          "sensitive_attributes": [],
          "private": "bnVsbA==",
          "dependencies": [
            "aws_api_gateway_integration.lambda",
            "aws_api_gateway_integration_response.options_integration_response",
            "aws_api_gateway_method.api-method",
            "aws_api_gateway_method_response.options_200",
            "aws_api_gateway_resource.api-resource",
            "aws_api_gateway_rest_api.resume-api",
            "aws_cloudfront_distribution.resume_cf_distribution",
            "aws_cloudfront_origin_access_control.default",
            "aws_dynamodb_table.resume-dynamodb",
            "aws_iam_role.lambda_exec",
            "aws_lambda_function.resume-lambda",
            "aws_s3_bucket.resume-bucket",
            "data.archive_file.lambda",
            "data.aws_caller_identity.current",
            "null_resource.build-lambda"
          ],
          "create_before_destroy": true
        }
      ]
    },
    {
      "mode": "managed",
      "type": "aws_api_gateway_integration",
      "name": "lambda",
      "provider": "provider[\"registry.terraform.io/hashicorp/aws\"]",
      "instances": [
        {
          "schema_version": 0,
          "attributes": {
            "cache_key_parameters": [],
            "cache_namespace": "m4m1ad",
            "connection_id": "",
            "connection_type": "INTERNET",
            "content_handling": "",
            "credentials": "",
            "http_method": "GET",
            "id": "agi-xr8tkzp99f-m4m1ad-GET",
            "integration_http_method": "POST",
            "passthrough_behavior": "WHEN_NO_MATCH",
            "request_parameters": {},
            "request_templates": {},
            "resource_id": "m4m1ad",
            "rest_api_id": "xr8tkzp99f",
            "timeout_milliseconds": 29000,
            "tls_config": [],
            "type": "AWS",
            "uri": "arn:aws:apigateway:eu-west-1:lambda:path/2015-03-31/functions/arn:aws:lambda:eu-west-1:428690775959:function:resume-lambda/invocations"
          },
          "sensitive_attributes": [],
          "private": "bnVsbA==",
          "dependencies": [
            "aws_api_gateway_method.api-method",
            "aws_api_gateway_resource.api-resource",
            "aws_api_gateway_rest_api.resume-api",
            "aws_dynamodb_table.resume-dynamodb",
            "aws_iam_role.lambda_exec",
            "aws_lambda_function.resume-lambda",
            "data.archive_file.lambda",
            "null_resource.build-lambda"
          ],
          "create_before_destroy": true
        }
      ]
    },
    {
      "mode": "managed",
      "type": "aws_api_gateway_integration",
      "name": "lambda_root",
      "provider": "provider[\"registry.terraform.io/hashicorp/aws\"]",
      "instances": [
        {
          "schema_version": 0,
          "attributes": {
            "cache_key_parameters": [],
            "cache_namespace": "m4m1ad",
            "connection_id": "",
            "connection_type": "INTERNET",
            "content_handling": "",
            "credentials": "",
            "http_method": "GET",
            "id": "agi-xr8tkzp99f-m4m1ad-GET",
            "integration_http_method": "POST",
            "passthrough_behavior": "WHEN_NO_MATCH",
            "request_parameters": {},
            "request_templates": {},
            "resource_id": "m4m1ad",
            "rest_api_id": "xr8tkzp99f",
            "timeout_milliseconds": 29000,
            "tls_config": [],
            "type": "AWS",
            "uri": "arn:aws:apigateway:eu-west-1:lambda:path/2015-03-31/functions/arn:aws:lambda:eu-west-1:428690775959:function:resume-lambda/invocations"
          },
          "sensitive_attributes": [],
          "private": "bnVsbA==",
          "dependencies": [
            "aws_api_gateway_method.api-method",
            "aws_api_gateway_resource.api-resource",
            "aws_api_gateway_rest_api.resume-api",
            "aws_dynamodb_table.resume-dynamodb",
            "aws_iam_role.lambda_exec",
            "aws_lambda_function.resume-lambda",
            "data.archive_file.lambda",
            "null_resource.build-lambda"
          ]
        }
      ]
    },
    {
      "mode": "managed",
      "type": "aws_api_gateway_integration_response",
      "name": "options_integration_response",
      "provider": "provider[\"registry.terraform.io/hashicorp/aws\"]",
      "instances": [
        {
          "schema_version": 0,
          "attributes": {
            "content_handling": "",
            "http_method": "GET",
            "id": "agir-xr8tkzp99f-m4m1ad-GET-200",
            "resource_id": "m4m1ad",
            "response_parameters": {
              "method.response.header.Access-Control-Allow-Origin": "'https://d3h8aqfimr8pmk.cloudfront.net'"
            },
            "response_templates": {},
            "rest_api_id": "xr8tkzp99f",
            "selection_pattern": "",
            "status_code": "200"
          },
          "sensitive_attributes": [],
          "private": "bnVsbA==",
          "dependencies": [
            "aws_api_gateway_method.api-method",
            "aws_api_gateway_method_response.options_200",
            "aws_api_gateway_resource.api-resource",
            "aws_api_gateway_rest_api.resume-api",
            "aws_cloudfront_distribution.resume_cf_distribution",
            "aws_cloudfront_origin_access_control.default",
            "aws_s3_bucket.resume-bucket",
            "data.aws_caller_identity.current"
          ],
          "create_before_destroy": true
        }
      ]
    },
    {
      "mode": "managed",
      "type": "aws_api_gateway_method",
      "name": "api-method",
      "provider": "provider[\"registry.terraform.io/hashicorp/aws\"]",
      "instances": [
        {
          "schema_version": 0,
          "attributes": {
            "api_key_required": false,
            "authorization": "NONE",
            "authorization_scopes": [],
            "authorizer_id": "",
            "http_method": "GET",
            "id": "agm-xr8tkzp99f-m4m1ad-GET",
            "operation_name": "",
            "request_models": {},
            "request_parameters": {},
            "request_validator_id": "",
            "resource_id": "m4m1ad",
            "rest_api_id": "xr8tkzp99f"
          },
          "sensitive_attributes": [],
          "private": "bnVsbA==",
          "dependencies": [
            "aws_api_gateway_resource.api-resource",
            "aws_api_gateway_rest_api.resume-api"
          ],
          "create_before_destroy": true
        }
      ]
    },
    {
      "mode": "managed",
      "type": "aws_api_gateway_method_response",
      "name": "options_200",
      "provider": "provider[\"registry.terraform.io/hashicorp/aws\"]",
      "instances": [
        {
          "schema_version": 0,
          "attributes": {
            "http_method": "GET",
            "id": "agmr-xr8tkzp99f-m4m1ad-GET-200",
            "resource_id": "m4m1ad",
            "response_models": {},
            "response_parameters": {
              "method.response.header.Access-Control-Allow-Origin": true
            },
            "rest_api_id": "xr8tkzp99f",
            "status_code": "200"
          },
          "sensitive_attributes": [],
          "private": "bnVsbA==",
          "dependencies": [
            "aws_api_gateway_method.api-method",
            "aws_api_gateway_resource.api-resource",
            "aws_api_gateway_rest_api.resume-api"
          ],
          "create_before_destroy": true
        }
      ]
    },
    {
      "mode": "managed",
      "type": "aws_api_gateway_resource",
      "name": "api-resource",
      "provider": "provider[\"registry.terraform.io/hashicorp/aws\"]",
      "instances": [
        {
          "schema_version": 0,
          "attributes": {
            "id": "m4m1ad",
            "parent_id": "rd6t3kauc6",
            "path": "/dev",
            "path_part": "dev",
            "rest_api_id": "xr8tkzp99f"
          },
          "sensitive_attributes": [],
          "private": "bnVsbA==",
          "dependencies": [
            "aws_api_gateway_rest_api.resume-api"
          ],
          "create_before_destroy": true
        }
      ]
    },
    {
      "mode": "managed",
      "type": "aws_api_gateway_rest_api",
      "name": "resume-api",
      "provider": "provider[\"registry.terraform.io/hashicorp/aws\"]",
      "instances": [
        {
          "schema_version": 0,
          "attributes": {
            "api_key_source": "HEADER",
            "arn": "arn:aws:apigateway:eu-west-1::/restapis/xr8tkzp99f",
            "binary_media_types": [],
            "body": null,
            "created_date": "2023-11-20T12:19:43Z",
            "description": "Terraform resume-api",
            "disable_execute_api_endpoint": false,
            "endpoint_configuration": [
              {
                "types": [
                  "REGIONAL"
                ],
                "vpc_endpoint_ids": []
              }
            ],
            "execution_arn": "arn:aws:execute-api:eu-west-1:428690775959:xr8tkzp99f",
            "fail_on_warnings": null,
            "id": "xr8tkzp99f",
            "minimum_compression_size": "",
            "name": "resume-api",
            "parameters": null,
            "policy": "",
            "put_rest_api_mode": null,
            "root_resource_id": "rd6t3kauc6",
            "tags": {},
            "tags_all": {}
          },
          "sensitive_attributes": [],
          "private": "bnVsbA==",
          "create_before_destroy": true
        }
      ]
    },
    {
      "mode": "managed",
      "type": "aws_api_gateway_stage",
      "name": "dev",
      "provider": "provider[\"registry.terraform.io/hashicorp/aws\"]",
      "instances": [
        {
          "schema_version": 0,
          "attributes": {
            "access_log_settings": [],
            "arn": "arn:aws:apigateway:eu-west-1::/restapis/xr8tkzp99f/stages/dev",
            "cache_cluster_enabled": false,
            "cache_cluster_size": "",
            "canary_settings": [],
            "client_certificate_id": "",
            "deployment_id": "ksmsjk",
            "description": "",
            "documentation_version": "",
            "execution_arn": "arn:aws:execute-api:eu-west-1:428690775959:xr8tkzp99f/dev",
            "id": "ags-xr8tkzp99f-dev",
            "invoke_url": "https://xr8tkzp99f.execute-api.eu-west-1.amazonaws.com/dev",
            "rest_api_id": "xr8tkzp99f",
            "stage_name": "dev",
            "tags": {},
            "tags_all": {},
            "variables": {
              "stage": "dev"
            },
            "web_acl_arn": "",
            "xray_tracing_enabled": false
          },
          "sensitive_attributes": [],
          "private": "bnVsbA==",
          "dependencies": [
            "aws_api_gateway_deployment.deployment",
            "aws_api_gateway_integration.lambda",
            "aws_api_gateway_integration_response.options_integration_response",
            "aws_api_gateway_method.api-method",
            "aws_api_gateway_method_response.options_200",
            "aws_api_gateway_resource.api-resource",
            "aws_api_gateway_rest_api.resume-api",
            "aws_cloudfront_distribution.resume_cf_distribution",
            "aws_cloudfront_origin_access_control.default",
            "aws_dynamodb_table.resume-dynamodb",
            "aws_iam_role.lambda_exec",
            "aws_lambda_function.resume-lambda",
            "aws_s3_bucket.resume-bucket",
            "data.archive_file.lambda",
            "data.aws_caller_identity.current",
            "null_resource.build-lambda"
          ]
        }
      ]
    },
    {
      "mode": "managed",
      "type": "aws_cloudfront_distribution",
      "name": "resume_cf_distribution",
      "provider": "provider[\"registry.terraform.io/hashicorp/aws\"]",
      "instances": [
        {
          "schema_version": 1,
          "attributes": {
            "aliases": [],
            "arn": "arn:aws:cloudfront::428690775959:distribution/E126B3KFZMNBZD",
            "caller_reference": "terraform-20231120121945091600000002",
            "comment": "Terraform Cloud Front Distribution",
            "continuous_deployment_policy_id": "",
            "custom_error_response": [],
            "default_cache_behavior": [
              {
                "allowed_methods": [
                  "GET",
                  "HEAD"
                ],
                "cache_policy_id": "",
                "cached_methods": [
                  "GET",
                  "HEAD"
                ],
                "compress": false,
                "default_ttl": 0,
                "field_level_encryption_id": "",
                "forwarded_values": [
                  {
                    "cookies": [
                      {
                        "forward": "none",
                        "whitelisted_names": []
                      }
                    ],
                    "headers": [
                      "Origin"
                    ],
                    "query_string": false,
                    "query_string_cache_keys": []
                  }
                ],
                "function_association": [],
                "lambda_function_association": [],
                "max_ttl": 0,
                "min_ttl": 0,
                "origin_request_policy_id": "",
                "realtime_log_config_arn": "",
                "response_headers_policy_id": "",
                "smooth_streaming": false,
                "target_origin_id": "resume-bucket-428690775959",
                "trusted_key_groups": [],
                "trusted_signers": [],
                "viewer_protocol_policy": "redirect-to-https"
              }
            ],
            "default_root_object": "index.html",
            "domain_name": "d3h8aqfimr8pmk.cloudfront.net",
            "enabled": true,
            "etag": "E27TY1IXHDFGUX",
            "hosted_zone_id": "Z2FDTNDATAQYW2",
            "http_version": "http2",
            "id": "E126B3KFZMNBZD",
            "in_progress_validation_batches": 0,
            "is_ipv6_enabled": false,
            "last_modified_time": "2023-11-20 12:19:45.215 +0000 UTC",
            "logging_config": [],
            "ordered_cache_behavior": [],
            "origin": [
              {
                "connection_attempts": 3,
                "connection_timeout": 10,
                "custom_header": [],
                "custom_origin_config": [],
                "domain_name": "resume-bucket-428690775959.s3.eu-west-1.amazonaws.com",
                "origin_access_control_id": "E3TQ2UPYFRWP64",
                "origin_id": "resume-bucket-428690775959",
                "origin_path": "",
                "origin_shield": [],
                "s3_origin_config": []
              }
            ],
            "origin_group": [],
            "price_class": "PriceClass_100",
            "restrictions": [
              {
                "geo_restriction": [
                  {
                    "locations": [],
                    "restriction_type": "none"
                  }
                ]
              }
            ],
            "retain_on_delete": false,
            "staging": false,
            "status": "Deployed",
            "tags": {
              "Environment": "Dev"
            },
            "tags_all": {
              "Environment": "Dev"
            },
            "trusted_key_groups": [
              {
                "enabled": false,
                "items": []
              }
            ],
            "trusted_signers": [
              {
                "enabled": false,
                "items": []
              }
            ],
            "viewer_certificate": [
              {
                "acm_certificate_arn": "",
                "cloudfront_default_certificate": true,
                "iam_certificate_id": "",
                "minimum_protocol_version": "TLSv1",
                "ssl_support_method": ""
              }
            ],
            "wait_for_deployment": true,
            "web_acl_id": ""
          },
          "sensitive_attributes": [],
          "private": "eyJzY2hlbWFfdmVyc2lvbiI6IjEifQ==",
          "dependencies": [
            "aws_cloudfront_origin_access_control.default",
            "aws_s3_bucket.resume-bucket",
            "data.aws_caller_identity.current"
          ],
          "create_before_destroy": true
        }
      ]
    },
    {
      "mode": "managed",
      "type": "aws_cloudfront_origin_access_control",
      "name": "default",
      "provider": "provider[\"registry.terraform.io/hashicorp/aws\"]",
      "instances": [
        {
          "schema_version": 0,
          "attributes": {
            "description": "Resume Example Policy",
            "etag": "ETVPDKIKX0DER",
            "id": "E3TQ2UPYFRWP64",
            "name": "default-resume",
            "origin_access_control_origin_type": "s3",
            "signing_behavior": "always",
            "signing_protocol": "sigv4"
          },
          "sensitive_attributes": [],
          "private": "bnVsbA==",
          "create_before_destroy": true
        }
      ]
    },
    {
      "mode": "managed",
      "type": "aws_cloudfront_origin_access_identity",
      "name": "resume_cf",
      "provider": "provider[\"registry.terraform.io/hashicorp/aws\"]",
      "instances": [
        {
          "schema_version": 0,
          "attributes": {
            "caller_reference": "terraform-20231120121943054100000001",
            "cloudfront_access_identity_path": "origin-access-identity/cloudfront/E1SY7S3OO6WLFK",
            "comment": "resume_cf",
            "etag": "E2MLNUBV46PFMU",
            "iam_arn": "arn:aws:iam::cloudfront:user/CloudFront Origin Access Identity E1SY7S3OO6WLFK",
            "id": "E1SY7S3OO6WLFK",
            "s3_canonical_user_id": "655e1b02a3aa3927dfd1fb118f0341243c5d38433762a1278ceb92bb32feb79e8c76f3deda75f147bf0552b84d226854"
          },
          "sensitive_attributes": [],
          "private": "bnVsbA=="
        }
      ]
    },
    {
      "mode": "managed",
      "type": "aws_dynamodb_table",
      "name": "resume-dynamodb",
      "provider": "provider[\"registry.terraform.io/hashicorp/aws\"]",
      "instances": [
        {
          "schema_version": 1,
          "attributes": {
            "arn": "arn:aws:dynamodb:eu-west-1:428690775959:table/resume-table",
            "attribute": [
              {
                "name": "id",
                "type": "S"
              }
            ],
            "billing_mode": "PAY_PER_REQUEST",
            "deletion_protection_enabled": false,
            "global_secondary_index": [],
            "hash_key": "id",
            "id": "resume-table",
            "import_table": [],
            "local_secondary_index": [],
            "name": "resume-table",
            "point_in_time_recovery": [
              {
                "enabled": false
              }
            ],
            "range_key": null,
            "read_capacity": 0,
            "replica": [],
            "restore_date_time": null,
            "restore_source_name": null,
            "restore_to_latest_time": null,
            "server_side_encryption": [
              {
                "enabled": true,
                "kms_key_arn": ""
              }
            ],
            "stream_arn": "",
            "stream_enabled": false,
            "stream_label": "",
            "stream_view_type": "",
            "table_class": "STANDARD",
            "tags": {
              "Environment": "dev",
              "Name": "dynamodb-resume-table"
            },
            "tags_all": {
              "Environment": "dev",
              "Name": "dynamodb-resume-table"
            },
            "timeouts": null,
            "ttl": [
              {
                "attribute_name": "",
                "enabled": false
              }
            ],
            "write_capacity": 0
          },
          "sensitive_attributes": [],
          "private": "eyJlMmJmYjczMC1lY2FhLTExZTYtOGY4OC0zNDM2M2JjN2M0YzAiOnsiY3JlYXRlIjoxODAwMDAwMDAwMDAwLCJkZWxldGUiOjYwMDAwMDAwMDAwMCwidXBkYXRlIjozNjAwMDAwMDAwMDAwfSwic2NoZW1hX3ZlcnNpb24iOiIxIn0=",
          "create_before_destroy": true
        }
      ]
    },
    {
      "mode": "managed",
      "type": "aws_dynamodb_table_item",
      "name": "example",
      "provider": "provider[\"registry.terraform.io/hashicorp/aws\"]",
      "instances": [
        {
          "schema_version": 0,
          "attributes": {
            "hash_key": "id",
            "id": "resume-table|id||Counter|",
            "item": "{\n  \"id\": {\"S\": \"Counter\"},\n  \"count\": {\"N\": \"0\"}\n}\n",
            "range_key": null,
            "table_name": "resume-table"
          },
          "sensitive_attributes": [],
          "private": "bnVsbA==",
          "dependencies": [
            "aws_dynamodb_table.resume-dynamodb"
          ]
        }
      ]
    },
    {
      "mode": "managed",
      "type": "aws_iam_policy",
      "name": "lambda_exec_role",
      "provider": "provider[\"registry.terraform.io/hashicorp/aws\"]",
      "instances": [
        {
          "schema_version": 0,
          "attributes": {
            "arn": "arn:aws:iam::428690775959:policy/lambda-tf-pattern-ddb-post",
            "description": "",
            "id": "arn:aws:iam::428690775959:policy/lambda-tf-pattern-ddb-post",
            "name": "lambda-tf-pattern-ddb-post",
            "name_prefix": "",
            "path": "/",
            "policy": "{\"Statement\":[{\"Action\":[\"dynamodb:GetItem\",\"dynamodb:PutItem\",\"dynamodb:UpdateItem\"],\"Effect\":\"Allow\",\"Resource\":\"arn:aws:dynamodb:eu-west-1:428690775959:table/resume-table\"},{\"Action\":[\"logs:CreateLogGroup\",\"logs:CreateLogStream\",\"logs:PutLogEvents\"],\"Effect\":\"Allow\",\"Resource\":\"*\"}],\"Version\":\"2012-10-17\"}",
            "policy_id": "ANPAWHT7WD6LTMIVAI4A4",
            "tags": {},
            "tags_all": {}
          },
          "sensitive_attributes": [],
          "private": "bnVsbA==",
          "dependencies": [
            "aws_dynamodb_table.resume-dynamodb"
          ]
        }
      ]
    },
    {
      "mode": "managed",
      "type": "aws_iam_role",
      "name": "lambda_exec",
      "provider": "provider[\"registry.terraform.io/hashicorp/aws\"]",
      "instances": [
        {
          "schema_version": 0,
          "attributes": {
            "arn": "arn:aws:iam::428690775959:role/serverless_example_lambda",
            "assume_role_policy": "{\"Statement\":[{\"Action\":\"sts:AssumeRole\",\"Effect\":\"Allow\",\"Principal\":{\"Service\":\"lambda.amazonaws.com\"},\"Sid\":\"\"}],\"Version\":\"2012-10-17\"}",
            "create_date": "2023-11-20T12:19:43Z",
            "description": "",
            "force_detach_policies": false,
            "id": "serverless_example_lambda",
            "inline_policy": [],
            "managed_policy_arns": [
              "arn:aws:iam::428690775959:policy/lambda-tf-pattern-ddb-post"
            ],
            "max_session_duration": 3600,
            "name": "serverless_example_lambda",
            "name_prefix": "",
            "path": "/",
            "permissions_boundary": "",
            "tags": {},
            "tags_all": {},
            "unique_id": "AROAWHT7WD6L543VCFQQE"
          },
          "sensitive_attributes": [],
          "private": "bnVsbA==",
          "create_before_destroy": true
        }
      ]
    },
    {
      "mode": "managed",
      "type": "aws_iam_role_policy_attachment",
      "name": "lambda_policy",
      "provider": "provider[\"registry.terraform.io/hashicorp/aws\"]",
      "instances": [
        {
          "schema_version": 0,
          "attributes": {
            "id": "serverless_example_lambda-20231120121950876600000003",
            "policy_arn": "arn:aws:iam::428690775959:policy/lambda-tf-pattern-ddb-post",
            "role": "serverless_example_lambda"
          },
          "sensitive_attributes": [],
          "private": "bnVsbA==",
          "dependencies": [
            "aws_dynamodb_table.resume-dynamodb",
            "aws_iam_policy.lambda_exec_role",
            "aws_iam_role.lambda_exec"
          ]
        }
      ]
    },
    {
      "mode": "managed",
      "type": "aws_lambda_alias",
      "name": "alias_dev",
      "provider": "provider[\"registry.terraform.io/hashicorp/aws\"]",
      "instances": [
        {
          "schema_version": 0,
          "attributes": {
            "arn": "arn:aws:lambda:eu-west-1:428690775959:function:resume-lambda:dev",
            "description": "dev",
            "function_name": "arn:aws:lambda:eu-west-1:428690775959:function:resume-lambda",
            "function_version": "$LATEST",
            "id": "arn:aws:lambda:eu-west-1:428690775959:function:resume-lambda:dev",
            "invoke_arn": "arn:aws:apigateway:eu-west-1:lambda:path/2015-03-31/functions/arn:aws:lambda:eu-west-1:428690775959:function:resume-lambda:dev/invocations",
            "name": "dev",
            "routing_config": []
          },
          "sensitive_attributes": [],
          "private": "bnVsbA==",
          "dependencies": [
            "aws_dynamodb_table.resume-dynamodb",
            "aws_iam_role.lambda_exec",
            "aws_lambda_function.resume-lambda",
            "data.archive_file.lambda",
            "null_resource.build-lambda"
          ]
        }
      ]
    },
    {
      "mode": "managed",
      "type": "aws_lambda_alias",
      "name": "alias_prod",
      "provider": "provider[\"registry.terraform.io/hashicorp/aws\"]",
      "instances": [
        {
          "schema_version": 0,
          "attributes": {
            "arn": "arn:aws:lambda:eu-west-1:428690775959:function:resume-lambda:prod",
            "description": "prod",
            "function_name": "arn:aws:lambda:eu-west-1:428690775959:function:resume-lambda",
            "function_version": "$LATEST",
            "id": "arn:aws:lambda:eu-west-1:428690775959:function:resume-lambda:prod",
            "invoke_arn": "arn:aws:apigateway:eu-west-1:lambda:path/2015-03-31/functions/arn:aws:lambda:eu-west-1:428690775959:function:resume-lambda:prod/invocations",
            "name": "prod",
            "routing_config": []
          },
          "sensitive_attributes": [],
          "private": "bnVsbA==",
          "dependencies": [
            "aws_dynamodb_table.resume-dynamodb",
            "aws_iam_role.lambda_exec",
            "aws_lambda_function.resume-lambda",
            "data.archive_file.lambda",
            "null_resource.build-lambda"
          ]
        }
      ]
    },
    {
      "mode": "managed",
      "type": "aws_lambda_function",
      "name": "resume-lambda",
      "provider": "provider[\"registry.terraform.io/hashicorp/aws\"]",
      "instances": [
        {
          "schema_version": 0,
          "attributes": {
            "architectures": [
              "x86_64"
            ],
            "arn": "arn:aws:lambda:eu-west-1:428690775959:function:resume-lambda",
            "code_signing_config_arn": "",
            "dead_letter_config": [],
            "description": "",
            "environment": [
              {
                "variables": {
                  "DDB_TABLE": "resume-table"
                }
              }
            ],
            "ephemeral_storage": [
              {
                "size": 512
              }
            ],
            "file_system_config": [],
            "filename": "resumelambda.zip",
            "function_name": "resume-lambda",
            "handler": "app.lambda_handler",
            "id": "resume-lambda",
            "image_config": [],
            "image_uri": "",
            "invoke_arn": "arn:aws:apigateway:eu-west-1:lambda:path/2015-03-31/functions/arn:aws:lambda:eu-west-1:428690775959:function:resume-lambda/invocations",
            "kms_key_arn": "",
            "last_modified": "2023-11-20T12:19:56.793+0000",
            "layers": [],
            "memory_size": 128,
            "package_type": "Zip",
            "publish": false,
            "qualified_arn": "arn:aws:lambda:eu-west-1:428690775959:function:resume-lambda:$LATEST",
            "qualified_invoke_arn": "arn:aws:apigateway:eu-west-1:lambda:path/2015-03-31/functions/arn:aws:lambda:eu-west-1:428690775959:function:resume-lambda:$LATEST/invocations",
            "replace_security_groups_on_destroy": null,
            "replacement_security_group_ids": null,
            "reserved_concurrent_executions": -1,
            "role": "arn:aws:iam::428690775959:role/serverless_example_lambda",
            "runtime": "python3.11",
            "s3_bucket": null,
            "s3_key": null,
            "s3_object_version": null,
            "signing_job_arn": "",
            "signing_profile_version_arn": "",
            "skip_destroy": false,
            "snap_start": [],
            "source_code_hash": "UQ8Y4dP3diO77iGVraddk+g35+21sMoGn/GBkjzoOVY=",
            "source_code_size": 531880,
            "tags": {},
            "tags_all": {},
            "timeout": 3,
            "timeouts": null,
            "tracing_config": [
              {
                "mode": "PassThrough"
              }
            ],
            "version": "$LATEST",
            "vpc_config": []
          },
          "sensitive_attributes": [],
          "private": "eyJlMmJmYjczMC1lY2FhLTExZTYtOGY4OC0zNDM2M2JjN2M0YzAiOnsiY3JlYXRlIjo2MDAwMDAwMDAwMDAsImRlbGV0ZSI6NjAwMDAwMDAwMDAwLCJ1cGRhdGUiOjYwMDAwMDAwMDAwMH19",
          "dependencies": [
            "aws_dynamodb_table.resume-dynamodb",
            "aws_iam_role.lambda_exec",
            "data.archive_file.lambda",
            "null_resource.build-lambda"
          ],
          "create_before_destroy": true
        }
      ]
    },
    {
      "mode": "managed",
      "type": "aws_lambda_permission",
      "name": "apigw",
      "provider": "provider[\"registry.terraform.io/hashicorp/aws\"]",
      "instances": [
        {
          "schema_version": 0,
          "attributes": {
            "action": "lambda:InvokeFunction",
            "event_source_token": null,
            "function_name": "resume-lambda",
            "function_url_auth_type": null,
            "id": "AllowAPIGatewayInvoke",
            "principal": "apigateway.amazonaws.com",
            "principal_org_id": null,
            "qualifier": "",
            "source_account": null,
            "source_arn": "arn:aws:execute-api:eu-west-1:428690775959:xr8tkzp99f/*/*",
            "statement_id": "AllowAPIGatewayInvoke",
            "statement_id_prefix": ""
          },
          "sensitive_attributes": [],
          "private": "bnVsbA==",
          "dependencies": [
            "aws_api_gateway_rest_api.resume-api",
            "aws_dynamodb_table.resume-dynamodb",
            "aws_iam_role.lambda_exec",
            "aws_lambda_function.resume-lambda",
            "data.archive_file.lambda",
            "null_resource.build-lambda"
          ]
        }
      ]
    },
    {
      "mode": "managed",
      "type": "aws_s3_bucket",
      "name": "resume-bucket",
      "provider": "provider[\"registry.terraform.io/hashicorp/aws\"]",
      "instances": [
        {
          "schema_version": 0,
          "attributes": {
            "acceleration_status": "",
            "acl": null,
            "arn": "arn:aws:s3:::resume-bucket-428690775959",
            "bucket": "resume-bucket-428690775959",
            "bucket_domain_name": "resume-bucket-428690775959.s3.amazonaws.com",
            "bucket_prefix": "",
            "bucket_regional_domain_name": "resume-bucket-428690775959.s3.eu-west-1.amazonaws.com",
            "cors_rule": [],
            "force_destroy": false,
            "grant": [
              {
                "id": "95d7578e1b292cb4c5657d87ce5607598f235686e978977faf0f1a2769ad0ad6",
                "permissions": [
                  "FULL_CONTROL"
                ],
                "type": "CanonicalUser",
                "uri": ""
              }
            ],
            "hosted_zone_id": "Z1BKCTXD74EZPE",
            "id": "resume-bucket-428690775959",
            "lifecycle_rule": [],
            "logging": [],
            "object_lock_configuration": [],
            "object_lock_enabled": false,
            "policy": "{\"Statement\":[{\"Action\":\"s3:GetObject\",\"Condition\":{\"StringEquals\":{\"AWS:SourceArn\":\"arn:aws:cloudfront::428690775959:distribution/E126B3KFZMNBZD\"}},\"Effect\":\"Allow\",\"Principal\":{\"Service\":\"cloudfront.amazonaws.com\"},\"Resource\":\"arn:aws:s3:::resume-bucket-428690775959/*\"}],\"Version\":\"2012-10-17\"}",
            "region": "eu-west-1",
            "replication_configuration": [],
            "request_payer": "BucketOwner",
            "server_side_encryption_configuration": [
              {
                "rule": [
                  {
                    "apply_server_side_encryption_by_default": [
                      {
                        "kms_master_key_id": "",
                        "sse_algorithm": "AES256"
                      }
                    ],
                    "bucket_key_enabled": false
                  }
                ]
              }
            ],
            "tags": {
              "Environment": "Dev",
              "Name": "resume-bucket"
            },
            "tags_all": {
              "Environment": "Dev",
              "Name": "resume-bucket"
            },
            "timeouts": null,
            "versioning": [
              {
                "enabled": false,
                "mfa_delete": false
              }
            ],
            "website": [],
            "website_domain": null,
            "website_endpoint": null
          },
          "sensitive_attributes": [],
          "private": "eyJlMmJmYjczMC1lY2FhLTExZTYtOGY4OC0zNDM2M2JjN2M0YzAiOnsiY3JlYXRlIjoxMjAwMDAwMDAwMDAwLCJkZWxldGUiOjM2MDAwMDAwMDAwMDAsInJlYWQiOjEyMDAwMDAwMDAwMDAsInVwZGF0ZSI6MTIwMDAwMDAwMDAwMH19",
          "dependencies": [
            "data.aws_caller_identity.current"
          ],
          "create_before_destroy": true
        }
      ]
    },
    {
      "mode": "managed",
      "type": "aws_s3_bucket_policy",
      "name": "allow_access_from_cloud_front",
      "provider": "provider[\"registry.terraform.io/hashicorp/aws\"]",
      "instances": [
        {
          "schema_version": 0,
          "attributes": {
            "bucket": "resume-bucket-428690775959",
            "id": "resume-bucket-428690775959",
            "policy": "{\"Statement\":[{\"Action\":\"s3:GetObject\",\"Condition\":{\"StringEquals\":{\"AWS:SourceArn\":\"arn:aws:cloudfront::428690775959:distribution/E126B3KFZMNBZD\"}},\"Effect\":\"Allow\",\"Principal\":{\"Service\":\"cloudfront.amazonaws.com\"},\"Resource\":\"arn:aws:s3:::resume-bucket-428690775959/*\"}],\"Version\":\"2012-10-17\"}"
          },
          "sensitive_attributes": [],
          "private": "bnVsbA==",
          "dependencies": [
            "aws_cloudfront_distribution.resume_cf_distribution",
            "aws_cloudfront_origin_access_control.default",
            "aws_s3_bucket.resume-bucket",
            "data.aws_caller_identity.current",
            "data.aws_iam_policy_document.allow_access_from_cloud_front"
          ]
        }
      ]
    },
    {
      "mode": "managed",
      "type": "aws_s3_bucket_public_access_block",
      "name": "block_public_access",
      "provider": "provider[\"registry.terraform.io/hashicorp/aws\"]",
      "instances": [
        {
          "schema_version": 0,
          "attributes": {
            "block_public_acls": true,
            "block_public_policy": true,
            "bucket": "resume-bucket-428690775959",
            "id": "resume-bucket-428690775959",
            "ignore_public_acls": true,
            "restrict_public_buckets": true
          },
          "sensitive_attributes": [],
          "private": "bnVsbA==",
          "dependencies": [
            "aws_s3_bucket.resume-bucket",
            "data.aws_caller_identity.current"
          ]
        }
      ]
    },
    {
      "mode": "managed",
      "type": "aws_s3_object",
      "name": "webpage",
      "provider": "provider[\"registry.terraform.io/hashicorp/aws\"]",
      "instances": [
        {
          "index_key": "index.html",
          "schema_version": 0,
          "attributes": {
            "acl": null,
            "bucket": "resume-bucket-428690775959",
            "bucket_key_enabled": false,
            "cache_control": "",
            "checksum_algorithm": null,
            "checksum_crc32": "",
            "checksum_crc32c": "",
            "checksum_sha1": "",
            "checksum_sha256": "",
            "content": null,
            "content_base64": null,
            "content_disposition": "",
            "content_encoding": "",
            "content_language": "",
            "content_type": "text/html",
            "etag": "f1454cdf887568d1c016b03f3aef6772",
            "force_destroy": false,
            "id": "index.html",
            "key": "index.html",
            "kms_key_id": null,
            "metadata": {},
            "object_lock_legal_hold_status": "",
            "object_lock_mode": "",
            "object_lock_retain_until_date": "",
            "override_provider": [],
            "server_side_encryption": "AES256",
            "source": "./webpage/index.html",
            "source_hash": null,
            "storage_class": "STANDARD",
            "tags": {},
            "tags_all": {},
            "version_id": "",
            "website_redirect": ""
          },
          "sensitive_attributes": [],
          "private": "bnVsbA==",
          "dependencies": [
            "aws_api_gateway_deployment.deployment",
            "aws_api_gateway_integration.lambda",
            "aws_api_gateway_integration_response.options_integration_response",
            "aws_api_gateway_method.api-method",
            "aws_api_gateway_method_response.options_200",
            "aws_api_gateway_resource.api-resource",
            "aws_api_gateway_rest_api.resume-api",
            "aws_cloudfront_distribution.resume_cf_distribution",
            "aws_cloudfront_origin_access_control.default",
            "aws_dynamodb_table.resume-dynamodb",
            "aws_iam_role.lambda_exec",
            "aws_lambda_function.resume-lambda",
            "aws_s3_bucket.resume-bucket",
            "data.archive_file.lambda",
            "data.aws_caller_identity.current",
            "local_file.jscode",
            "null_resource.build-lambda"
          ]
        },
        {
          "index_key": "script.js",
          "schema_version": 0,
          "attributes": {
            "acl": null,
            "bucket": "resume-bucket-428690775959",
            "bucket_key_enabled": false,
            "cache_control": "",
            "checksum_algorithm": null,
            "checksum_crc32": "",
            "checksum_crc32c": "",
            "checksum_sha1": "",
            "checksum_sha256": "",
            "content": null,
            "content_base64": null,
            "content_disposition": "",
            "content_encoding": "",
            "content_language": "",
            "content_type": "text/html",
            "etag": "de5887e6912dbc01eccd6a94049b2d36",
            "force_destroy": false,
            "id": "script.js",
            "key": "script.js",
            "kms_key_id": null,
            "metadata": {},
            "object_lock_legal_hold_status": "",
            "object_lock_mode": "",
            "object_lock_retain_until_date": "",
            "override_provider": [],
            "server_side_encryption": "AES256",
            "source": "./webpage/script.js",
            "source_hash": null,
            "storage_class": "STANDARD",
            "tags": {},
            "tags_all": {},
            "version_id": "",
            "website_redirect": ""
          },
          "sensitive_attributes": [],
          "private": "bnVsbA==",
          "dependencies": [
            "aws_api_gateway_deployment.deployment",
            "aws_api_gateway_integration.lambda",
            "aws_api_gateway_integration_response.options_integration_response",
            "aws_api_gateway_method.api-method",
            "aws_api_gateway_method_response.options_200",
            "aws_api_gateway_resource.api-resource",
            "aws_api_gateway_rest_api.resume-api",
            "aws_cloudfront_distribution.resume_cf_distribution",
            "aws_cloudfront_origin_access_control.default",
            "aws_dynamodb_table.resume-dynamodb",
            "aws_iam_role.lambda_exec",
            "aws_lambda_function.resume-lambda",
            "aws_s3_bucket.resume-bucket",
            "data.archive_file.lambda",
            "data.aws_caller_identity.current",
            "local_file.jscode",
            "null_resource.build-lambda"
          ]
        },
        {
          "index_key": "styles.css",
          "schema_version": 0,
          "attributes": {
            "acl": null,
            "bucket": "resume-bucket-428690775959",
            "bucket_key_enabled": false,
            "cache_control": "",
            "checksum_algorithm": null,
            "checksum_crc32": "",
            "checksum_crc32c": "",
            "checksum_sha1": "",
            "checksum_sha256": "",
            "content": null,
            "content_base64": null,
            "content_disposition": "",
            "content_encoding": "",
            "content_language": "",
            "content_type": "text/html",
            "etag": "d41d8cd98f00b204e9800998ecf8427e",
            "force_destroy": false,
            "id": "styles.css",
            "key": "styles.css",
            "kms_key_id": null,
            "metadata": {},
            "object_lock_legal_hold_status": "",
            "object_lock_mode": "",
            "object_lock_retain_until_date": "",
            "override_provider": [],
            "server_side_encryption": "AES256",
            "source": "./webpage/styles.css",
            "source_hash": null,
            "storage_class": "STANDARD",
            "tags": {},
            "tags_all": {},
            "version_id": "",
            "website_redirect": ""
          },
          "sensitive_attributes": [],
          "private": "bnVsbA==",
          "dependencies": [
            "aws_api_gateway_deployment.deployment",
            "aws_api_gateway_integration.lambda",
            "aws_api_gateway_integration_response.options_integration_response",
            "aws_api_gateway_method.api-method",
            "aws_api_gateway_method_response.options_200",
            "aws_api_gateway_resource.api-resource",
            "aws_api_gateway_rest_api.resume-api",
            "aws_cloudfront_distribution.resume_cf_distribution",
            "aws_cloudfront_origin_access_control.default",
            "aws_dynamodb_table.resume-dynamodb",
            "aws_iam_role.lambda_exec",
            "aws_lambda_function.resume-lambda",
            "aws_s3_bucket.resume-bucket",
            "data.archive_file.lambda",
            "data.aws_caller_identity.current",
            "local_file.jscode",
            "null_resource.build-lambda"
          ]
        }
      ]
    },
    {
      "mode": "managed",
      "type": "local_file",
      "name": "config",
      "provider": "provider[\"registry.terraform.io/hashicorp/local\"]",
      "instances": [
        {
          "schema_version": 0,
          "attributes": {
            "content": "{\n   \"cloudfront_url\": d3h8aqfimr8pmk.cloudfront.net,\n   \"s3bucket\": resume-bucket-428690775959,\n   \"api_invoke_url\": https://xr8tkzp99f.execute-api.eu-west-1.amazonaws.com/prod\n}",
            "content_base64": null,
            "content_base64sha256": "uZRYVzzxDqNRbC7iZ0mBn75t8xvJc7mzcrAPddi+HuY=",
            "content_base64sha512": "pybY2cI1SxKPi6ySeGcoP0Qg82NwRTrD/xMcYax39bmk1NHIWwFqEoVl+8lvwsLCTkc5vcFcgQDEPJ/ArWc7LQ==",
            "content_md5": "ec4995a075ad3fe2549d73f6bc80594f",
            "content_sha1": "0c546d640ae05ff0e771139cc71847cde1481777",
            "content_sha256": "b99458573cf10ea3516c2ee26749819fbe6df31bc973b9b372b00f75d8be1ee6",
            "content_sha512": "a726d8d9c2354b128f8bac927867283f4420f36370453ac3ff131c61ac77f5b9a4d4d1c85b016a128565fbc96fc2c2c24e4739bdc15c8100c43c9fc0ad673b2d",
            "directory_permission": "0777",
            "file_permission": "0777",
            "filename": ".github/workflows/config.yml",
            "id": "0c546d640ae05ff0e771139cc71847cde1481777",
            "sensitive_content": null,
            "source": null
          },
          "sensitive_attributes": [],
          "dependencies": [
            "aws_api_gateway_deployment.deployment",
            "aws_api_gateway_integration.lambda",
            "aws_api_gateway_integration_response.options_integration_response",
            "aws_api_gateway_method.api-method",
            "aws_api_gateway_method_response.options_200",
            "aws_api_gateway_resource.api-resource",
            "aws_api_gateway_rest_api.resume-api",
            "aws_cloudfront_distribution.resume_cf_distribution",
            "aws_cloudfront_origin_access_control.default",
            "aws_dynamodb_table.resume-dynamodb",
            "aws_iam_role.lambda_exec",
            "aws_lambda_function.resume-lambda",
            "aws_s3_bucket.resume-bucket",
            "data.archive_file.lambda",
            "data.aws_caller_identity.current",
            "null_resource.build-lambda"
          ]
        }
      ]
    },
    {
      "mode": "managed",
      "type": "local_file",
      "name": "jscode",
      "provider": "provider[\"registry.terraform.io/hashicorp/local\"]",
      "instances": [
        {
          "schema_version": 0,
          "attributes": {
            "content": "function getData() {\n    fetch(\"https://xr8tkzp99f.execute-api.eu-west-1.amazonaws.com/prod/dev\")\n    .then(res =\u003e res.json())\n    .then(data =\u003e document.getElementById(\"show\").innerHTML = data.body.message)\n    .catch(error =\u003e console.log(\"Error: \", error))\n};\n\ngetData()",
            "content_base64": null,
            "content_base64sha256": "B8GDgYLTq9BzsPAwWKFFb6Sws81aosmlBcSXYl88UIY=",
            "content_base64sha512": "+jxsITFNUBg30/NTjoiEoFJejbmnZUmDMVEyri/Zg+ixjT1mO+0+oCWv//3WYoTPRlVjarNCsG+JUPcq/BnodA==",
            "content_md5": "de5887e6912dbc01eccd6a94049b2d36",
            "content_sha1": "52219703db42c9fee7ba94c04ca2ab46dce6d007",
            "content_sha256": "07c1838182d3abd073b0f03058a1456fa4b0b3cd5aa2c9a505c497625f3c5086",
            "content_sha512": "fa3c6c21314d501837d3f3538e8884a0525e8db9a7654983315132ae2fd983e8b18d3d663bed3ea025affffdd66284cf4655636ab342b06f8950f72afc19e874",
            "directory_permission": "0777",
            "file_permission": "0777",
            "filename": "webpage/script.js",
            "id": "52219703db42c9fee7ba94c04ca2ab46dce6d007",
            "sensitive_content": null,
            "source": null
          },
          "sensitive_attributes": [],
          "dependencies": [
            "aws_api_gateway_deployment.deployment",
            "aws_api_gateway_integration.lambda",
            "aws_api_gateway_integration_response.options_integration_response",
            "aws_api_gateway_method.api-method",
            "aws_api_gateway_method_response.options_200",
            "aws_api_gateway_resource.api-resource",
            "aws_api_gateway_rest_api.resume-api",
            "aws_cloudfront_distribution.resume_cf_distribution",
            "aws_cloudfront_origin_access_control.default",
            "aws_dynamodb_table.resume-dynamodb",
            "aws_iam_role.lambda_exec",
            "aws_lambda_function.resume-lambda",
            "aws_s3_bucket.resume-bucket",
            "data.archive_file.lambda",
            "data.aws_caller_identity.current",
            "null_resource.build-lambda"
          ]
        }
      ]
    },
    {
      "mode": "managed",
      "type": "null_resource",
      "name": "build-lambda",
      "provider": "provider[\"registry.terraform.io/hashicorp/null\"]",
      "instances": [
        {
          "schema_version": 0,
          "attributes": {
            "id": "240721261054511932",
            "triggers": null
          },
          "sensitive_attributes": [],
          "create_before_destroy": true
        }
      ]
    }
  ],
  "check_results": null
}
